
Microsoft Visual Studio Solution File, Format Version 12.00
# Visual Studio Version 17
VisualStudioVersion = 17.4.33403.182
MinimumVisualStudioVersion = 10.0.40219.1
Project("{9A19103F-16F7-4668-BE54-9A1E7A4F7556}") = "BlogProje", "BlogProje\BlogProje.csproj", "{0E90477C-79F8-4F81-88F6-2C7F6ACAEA64}"
EndProject
Project("{9A19103F-16F7-4668-BE54-9A1E7A4F7556}") = "EntityLayer", "EntityLayer\EntityLayer.csproj", "{11876519-B929-4C1F-964B-06F1537DB301}"
EndProject
Project("{9A19103F-16F7-4668-BE54-9A1E7A4F7556}") = "DataAccessLayer", "DataAccessLayer\DataAccessLayer.csproj", "{AB6950CA-8A79-45BC-BD87-D1F5728712EA}"
EndProject
Project("{9A19103F-16F7-4668-BE54-9A1E7A4F7556}") = "BusinessLayer", "BusinessLayer\BusinessLayer.csproj", "{BA613929-0D10-4E6F-B1E4-4FAC9DDF6036}"
EndProject
Project("{9A19103F-16F7-4668-BE54-9A1E7A4F7556}") = "CoreLayer", "CoreLayer\CoreLayer.csproj", "{DF34112A-497D-4D4A-8DA3-92AF18156433}"
EndProject
Global
	GlobalSection(SolutionConfigurationPlatforms) = preSolution
		Debug|Any CPU = Debug|Any CPU
		Release|Any CPU = Release|Any CPU
	EndGlobalSection
	GlobalSection(ProjectConfigurationPlatforms) = postSolution
		{0E90477C-79F8-4F81-88F6-2C7F6ACAEA64}.Debug|Any CPU.ActiveCfg = Debug|Any CPU
		{0E90477C-79F8-4F81-88F6-2C7F6ACAEA64}.Debug|Any CPU.Build.0 = Debug|Any CPU
		{0E90477C-79F8-4F81-88F6-2C7F6ACAEA64}.Release|Any CPU.ActiveCfg = Release|Any CPU
		{0E90477C-79F8-4F81-88F6-2C7F6ACAEA64}.Release|Any CPU.Build.0 = Release|Any CPU
		{11876519-B929-4C1F-964B-06F1537DB301}.Debug|Any CPU.ActiveCfg = Debug|Any CPU
		{11876519-B929-4C1F-964B-06F1537DB301}.Debug|Any CPU.Build.0 = Debug|Any CPU
		{11876519-B929-4C1F-964B-06F1537DB301}.Release|Any CPU.ActiveCfg = Release|Any CPU
		{11876519-B929-4C1F-964B-06F1537DB301}.Release|Any CPU.Build.0 = Release|Any CPU
		{AB6950CA-8A79-45BC-BD87-D1F5728712EA}.Debug|Any CPU.ActiveCfg = Debug|Any CPU
		{AB6950CA-8A79-45BC-BD87-D1F5728712EA}.Debug|Any CPU.Build.0 = Debug|Any CPU
		{AB6950CA-8A79-45BC-BD87-D1F5728712EA}.Release|Any CPU.ActiveCfg = Release|Any CPU
		{AB6950CA-8A79-45BC-BD87-D1F5728712EA}.Release|Any CPU.Build.0 = Release|Any CPU
		{BA613929-0D10-4E6F-B1E4-4FAC9DDF6036}.Debug|Any CPU.ActiveCfg = Debug|Any CPU
		{BA613929-0D10-4E6F-B1E4-4FAC9DDF6036}.Debug|Any CPU.Build.0 = Debug|Any CPU
		{BA613929-0D10-4E6F-B1E4-4FAC9DDF6036}.Release|Any CPU.ActiveCfg = Release|Any CPU
		{BA613929-0D10-4E6F-B1E4-4FAC9DDF6036}.Release|Any CPU.Build.0 = Release|Any CPU
		{DF34112A-497D-4D4A-8DA3-92AF18156433}.Debug|Any CPU.ActiveCfg = Debug|Any CPU
		{DF34112A-497D-4D4A-8DA3-92AF18156433}.Debug|Any CPU.Build.0 = Debug|Any CPU
		{DF34112A-497D-4D4A-8DA3-92AF18156433}.Release|Any CPU.ActiveCfg = Release|Any CPU
		{DF34112A-497D-4D4A-8DA3-92AF18156433}.Release|Any CPU.Build.0 = Release|Any CPU
	EndGlobalSection
	GlobalSection(SolutionProperties) = preSolution
		HideSolutionNode = FALSE
	EndGlobalSection
	GlobalSection(ExtensibilityGlobals) = postSolution
		SolutionGuid = {F7A38EEB-A86B-439B-B2C9-2AD0AC810E95}
	EndGlobalSection
EndGlobal
